
Microsoft Visual Studio Solution File, Format Version 12.00
# Visual Studio Version 17
VisualStudioVersion = 17.0.31903.59
MinimumVisualStudioVersion = 10.0.40219.1
Project("{FAE04EC0-301F-11D3-BF4B-00C04F79EFBC}") = "Video-Project-Suite.Api", "Video-Project-Suite.Api\Video-Project-Suite.Api.csproj", "{4F95648A-53A6-4AAC-8307-D058C4006EDC}"
EndProject
Project("{FAE04EC0-301F-11D3-BF4B-00C04F79EFBC}") = "Video-Project-Suite.Tests", "Video-Project-Suite.Tests\Video-Project-Suite.Tests.csproj", "{3ADBA289-35E8-4A54-A5DE-5B1ABB292787}"
EndProject
Global
	GlobalSection(SolutionConfigurationPlatforms) = preSolution
		Debug|Any CPU = Debug|Any CPU
		Debug|x64 = Debug|x64
		Debug|x86 = Debug|x86
		Release|Any CPU = Release|Any CPU
		Release|x64 = Release|x64
		Release|x86 = Release|x86
	EndGlobalSection
	GlobalSection(ProjectConfigurationPlatforms) = postSolution
		{4F95648A-53A6-4AAC-8307-D058C4006EDC}.Debug|Any CPU.ActiveCfg = Debug|Any CPU
		{4F95648A-53A6-4AAC-8307-D058C4006EDC}.Debug|Any CPU.Build.0 = Debug|Any CPU
		{4F95648A-53A6-4AAC-8307-D058C4006EDC}.Debug|x64.ActiveCfg = Debug|Any CPU
		{4F95648A-53A6-4AAC-8307-D058C4006EDC}.Debug|x64.Build.0 = Debug|Any CPU
		{4F95648A-53A6-4AAC-8307-D058C4006EDC}.Debug|x86.ActiveCfg = Debug|Any CPU
		{4F95648A-53A6-4AAC-8307-D058C4006EDC}.Debug|x86.Build.0 = Debug|Any CPU
		{4F95648A-53A6-4AAC-8307-D058C4006EDC}.Release|Any CPU.ActiveCfg = Release|Any CPU
		{4F95648A-53A6-4AAC-8307-D058C4006EDC}.Release|Any CPU.Build.0 = Release|Any CPU
		{4F95648A-53A6-4AAC-8307-D058C4006EDC}.Release|x64.ActiveCfg = Release|Any CPU
		{4F95648A-53A6-4AAC-8307-D058C4006EDC}.Release|x64.Build.0 = Release|Any CPU
		{4F95648A-53A6-4AAC-8307-D058C4006EDC}.Release|x86.ActiveCfg = Release|Any CPU
		{4F95648A-53A6-4AAC-8307-D058C4006EDC}.Release|x86.Build.0 = Release|Any CPU
		{3ADBA289-35E8-4A54-A5DE-5B1ABB292787}.Debug|Any CPU.ActiveCfg = Debug|Any CPU
		{3ADBA289-35E8-4A54-A5DE-5B1ABB292787}.Debug|Any CPU.Build.0 = Debug|Any CPU
		{3ADBA289-35E8-4A54-A5DE-5B1ABB292787}.Debug|x64.ActiveCfg = Debug|Any CPU
		{3ADBA289-35E8-4A54-A5DE-5B1ABB292787}.Debug|x64.Build.0 = Debug|Any CPU
		{3ADBA289-35E8-4A54-A5DE-5B1ABB292787}.Debug|x86.ActiveCfg = Debug|Any CPU
		{3ADBA289-35E8-4A54-A5DE-5B1ABB292787}.Debug|x86.Build.0 = Debug|Any CPU
		{3ADBA289-35E8-4A54-A5DE-5B1ABB292787}.Release|Any CPU.ActiveCfg = Release|Any CPU
		{3ADBA289-35E8-4A54-A5DE-5B1ABB292787}.Release|Any CPU.Build.0 = Release|Any CPU
		{3ADBA289-35E8-4A54-A5DE-5B1ABB292787}.Release|x64.ActiveCfg = Release|Any CPU
		{3ADBA289-35E8-4A54-A5DE-5B1ABB292787}.Release|x64.Build.0 = Release|Any CPU
		{3ADBA289-35E8-4A54-A5DE-5B1ABB292787}.Release|x86.ActiveCfg = Release|Any CPU
		{3ADBA289-35E8-4A54-A5DE-5B1ABB292787}.Release|x86.Build.0 = Release|Any CPU
	EndGlobalSection
	GlobalSection(SolutionProperties) = preSolution
		HideSolutionNode = FALSE
	EndGlobalSection
EndGlobal
